hash: 2e484a9662d4802606b59386b0dfa649a93526796ad8f137a7376bc57fdc4d14
updated: 2018-07-19T18:47:01.635870249+02:00
imports:
- name: github.com/btcsuite/btcd
  version: bc0944904505aab55e089371a892be2f87883161
  subpackages:
  - btcjson
- name: github.com/gorilla/websocket
  version: 5ed622c449da6d44c3c8329331ff47a9e5844f71
- name: github.com/julienschmidt/httprouter
  version: 348b672cd90d8190f8240323e372ecd1e66b59dc
- name: github.com/kulpreet/txref
  version: cb29358e918c6fa13f669ffff076a132a0ce4545
  subpackages:
  - bech32
  - util
testImports: []
